// !$*UTF8*$!
{
	archiveVersion = 1;
	classes = {
	};
	objectVersion = 55;
	objects = {

/* Begin PBXBuildFile section */
		F00283B22979A7C70052B8F9 /* EasyBudgetApp.swift in Sources */ = {isa = PBXBuildFile; fileRef = F00283AE2979A7C70052B8F9 /* EasyBudgetApp.swift */; };
		F00283B32979A7C70052B8F9 /* EasyBudgetApp.swift in Sources */ = {isa = PBXBuildFile; fileRef = F00283AE2979A7C70052B8F9 /* EasyBudgetApp.swift */; };
		F00283B42979A7C70052B8F9 /* EasyBudgetApp.swift in Sources */ = {isa = PBXBuildFile; fileRef = F00283AE2979A7C70052B8F9 /* EasyBudgetApp.swift */; };
		F00283B52979A7C70052B8F9 /* ContentView.swift in Sources */ = {isa = PBXBuildFile; fileRef = F00283AF2979A7C70052B8F9 /* ContentView.swift */; };
		F00283B62979A7C70052B8F9 /* ContentView.swift in Sources */ = {isa = PBXBuildFile; fileRef = F00283AF2979A7C70052B8F9 /* ContentView.swift */; };
		F00283B72979A7C70052B8F9 /* ContentView.swift in Sources */ = {isa = PBXBuildFile; fileRef = F00283AF2979A7C70052B8F9 /* ContentView.swift */; };
		F00283B82979A7C70052B8F9 /* Persistence.swift in Sources */ = {isa = PBXBuildFile; fileRef = F00283B12979A7C70052B8F9 /* Persistence.swift */; };
		F00283B92979A7C70052B8F9 /* Persistence.swift in Sources */ = {isa = PBXBuildFile; fileRef = F00283B12979A7C70052B8F9 /* Persistence.swift */; };
		F00283BA2979A7C70052B8F9 /* Persistence.swift in Sources */ = {isa = PBXBuildFile; fileRef = F00283B12979A7C70052B8F9 /* Persistence.swift */; };
		F00283BC2979AA210052B8F9 /* CurrentPeriodView.swift in Sources */ = {isa = PBXBuildFile; fileRef = F00283BB2979AA210052B8F9 /* CurrentPeriodView.swift */; };
		F00283BD2979AA210052B8F9 /* CurrentPeriodView.swift in Sources */ = {isa = PBXBuildFile; fileRef = F00283BB2979AA210052B8F9 /* CurrentPeriodView.swift */; };
		F00283BE2979AA210052B8F9 /* CurrentPeriodView.swift in Sources */ = {isa = PBXBuildFile; fileRef = F00283BB2979AA210052B8F9 /* CurrentPeriodView.swift */; };
		F093F8D529787374004EDCB9 /* Assets.xcassets in Resources */ = {isa = PBXBuildFile; fileRef = F093F8D429787374004EDCB9 /* Assets.xcassets */; };
		F093F8D829787374004EDCB9 /* Preview Assets.xcassets in Resources */ = {isa = PBXBuildFile; fileRef = F093F8D729787374004EDCB9 /* Preview Assets.xcassets */; };
		F093F8DD29787374004EDCB9 /* EasyBudget.xcdatamodeld in Sources */ = {isa = PBXBuildFile; fileRef = F093F8DB29787374004EDCB9 /* EasyBudget.xcdatamodeld */; };
		F093F8E729787374004EDCB9 /* EasyBudgetTests.swift in Sources */ = {isa = PBXBuildFile; fileRef = F093F8E629787374004EDCB9 /* EasyBudgetTests.swift */; };
		F093F8F129787374004EDCB9 /* EasyBudgetUITests.swift in Sources */ = {isa = PBXBuildFile; fileRef = F093F8F029787374004EDCB9 /* EasyBudgetUITests.swift */; };
		F093F8F329787374004EDCB9 /* EasyBudgetUITestsLaunchTests.swift in Sources */ = {isa = PBXBuildFile; fileRef = F093F8F229787374004EDCB9 /* EasyBudgetUITestsLaunchTests.swift */; };
/* End PBXBuildFile section */

/* Begin PBXContainerItemProxy section */
		F093F8E329787374004EDCB9 /* PBXContainerItemProxy */ = {
			isa = PBXContainerItemProxy;
			containerPortal = F093F8C529787373004EDCB9 /* Project object */;
			proxyType = 1;
			remoteGlobalIDString = F093F8CC29787373004EDCB9;
			remoteInfo = EasyBudget;
		};
		F093F8ED29787374004EDCB9 /* PBXContainerItemProxy */ = {
			isa = PBXContainerItemProxy;
			containerPortal = F093F8C529787373004EDCB9 /* Project object */;
			proxyType = 1;
			remoteGlobalIDString = F093F8CC29787373004EDCB9;
			remoteInfo = EasyBudget;
		};
/* End PBXContainerItemProxy section */

/* Begin PBXFileReference section */
		F00283AE2979A7C70052B8F9 /* EasyBudgetApp.swift */ = {isa = PBXFileReference; fileEncoding = 4; lastKnownFileType = sourcecode.swift; path = EasyBudgetApp.swift; sourceTree = "<group>"; };
		F00283AF2979A7C70052B8F9 /* ContentView.swift */ = {isa = PBXFileReference; fileEncoding = 4; lastKnownFileType = sourcecode.swift; path = ContentView.swift; sourceTree = "<group>"; };
		F00283B12979A7C70052B8F9 /* Persistence.swift */ = {isa = PBXFileReference; fileEncoding = 4; lastKnownFileType = sourcecode.swift; path = Persistence.swift; sourceTree = "<group>"; };
		F00283BB2979AA210052B8F9 /* CurrentPeriodView.swift */ = {isa = PBXFileReference; lastKnownFileType = sourcecode.swift; name = CurrentPeriodView.swift; path = CurrentPeriod/CurrentPeriodView.swift; sourceTree = "<group>"; };
		F093F8CD29787373004EDCB9 /* EasyBudget.app */ = {isa = PBXFileReference; explicitFileType = wrapper.application; includeInIndex = 0; path = EasyBudget.app; sourceTree = BUILT_PRODUCTS_DIR; };
		F093F8D429787374004EDCB9 /* Assets.xcassets */ = {isa = PBXFileReference; lastKnownFileType = folder.assetcatalog; path = Assets.xcassets; sourceTree = "<group>"; };
		F093F8D729787374004EDCB9 /* Preview Assets.xcassets */ = {isa = PBXFileReference; lastKnownFileType = folder.assetcatalog; path = "Preview Assets.xcassets"; sourceTree = "<group>"; };
		F093F8DC29787374004EDCB9 /* EasyBudget.xcdatamodel */ = {isa = PBXFileReference; lastKnownFileType = wrapper.xcdatamodel; path = EasyBudget.xcdatamodel; sourceTree = "<group>"; };
		F093F8E229787374004EDCB9 /* EasyBudgetTests.xctest */ = {isa = PBXFileReference; explicitFileType = wrapper.cfbundle; includeInIndex = 0; path = EasyBudgetTests.xctest; sourceTree = BUILT_PRODUCTS_DIR; };
		F093F8E629787374004EDCB9 /* EasyBudgetTests.swift */ = {isa = PBXFileReference; lastKnownFileType = sourcecode.swift; path = EasyBudgetTests.swift; sourceTree = "<group>"; };
		F093F8EC29787374004EDCB9 /* EasyBudgetUITests.xctest */ = {isa = PBXFileReference; explicitFileType = wrapper.cfbundle; includeInIndex = 0; path = EasyBudgetUITests.xctest; sourceTree = BUILT_PRODUCTS_DIR; };
		F093F8F029787374004EDCB9 /* EasyBudgetUITests.swift */ = {isa = PBXFileReference; lastKnownFileType = sourcecode.swift; path = EasyBudgetUITests.swift; sourceTree = "<group>"; };
		F093F8F229787374004EDCB9 /* EasyBudgetUITestsLaunchTests.swift */ = {isa = PBXFileReference; lastKnownFileType = sourcecode.swift; path = EasyBudgetUITestsLaunchTests.swift; sourceTree = "<group>"; };
/* End PBXFileReference section */

/* Begin PBXFrameworksBuildPhase section */
		F093F8CA29787373004EDCB9 /* Frameworks */ = {
			isa = PBXFrameworksBuildPhase;
			buildActionMask = 2147483647;
			files = (
			);
			runOnlyForDeploymentPostprocessing = 0;
		};
		F093F8DF29787374004EDCB9 /* Frameworks */ = {
			isa = PBXFrameworksBuildPhase;
			buildActionMask = 2147483647;
			files = (
			);
			runOnlyForDeploymentPostprocessing = 0;
		};
		F093F8E929787374004EDCB9 /* Frameworks */ = {
			isa = PBXFrameworksBuildPhase;
			buildActionMask = 2147483647;
			files = (
			);
			runOnlyForDeploymentPostprocessing = 0;
		};
/* End PBXFrameworksBuildPhase section */

/* Begin PBXGroup section */
		F00283AC2979A7C70052B8F9 /* Source */ = {
			isa = PBXGroup;
			children = (
				F00283AD2979A7C70052B8F9 /* App */,
				F00283B02979A7C70052B8F9 /* Persistance */,
				F00283BB2979AA210052B8F9 /* CurrentPeriodView.swift */,
			);
			path = Source;
			sourceTree = "<group>";
		};
		F00283AD2979A7C70052B8F9 /* App */ = {
			isa = PBXGroup;
			children = (
				F00283AE2979A7C70052B8F9 /* EasyBudgetApp.swift */,
				F00283AF2979A7C70052B8F9 /* ContentView.swift */,
			);
			path = App;
			sourceTree = "<group>";
		};
		F00283B02979A7C70052B8F9 /* Persistance */ = {
			isa = PBXGroup;
			children = (
				F00283B12979A7C70052B8F9 /* Persistence.swift */,
			);
			path = Persistance;
			sourceTree = "<group>";
		};
		F093F8C429787373004EDCB9 = {
			isa = PBXGroup;
			children = (
				F093F8CF29787373004EDCB9 /* EasyBudget */,
				F093F8E529787374004EDCB9 /* EasyBudgetTests */,
				F093F8EF29787374004EDCB9 /* EasyBudgetUITests */,
				F093F8CE29787373004EDCB9 /* Products */,
			);
			sourceTree = "<group>";
		};
		F093F8CE29787373004EDCB9 /* Products */ = {
			isa = PBXGroup;
			children = (
				F093F8CD29787373004EDCB9 /* EasyBudget.app */,
				F093F8E229787374004EDCB9 /* EasyBudgetTests.xctest */,
				F093F8EC29787374004EDCB9 /* EasyBudgetUITests.xctest */,
			);
			name = Products;
			sourceTree = "<group>";
		};
		F093F8CF29787373004EDCB9 /* EasyBudget */ = {
			isa = PBXGroup;
			children = (
				F00283AC2979A7C70052B8F9 /* Source */,
				F093F8D429787374004EDCB9 /* Assets.xcassets */,
				F093F8DB29787374004EDCB9 /* EasyBudget.xcdatamodeld */,
				F093F8D629787374004EDCB9 /* Preview Content */,
			);
			path = EasyBudget;
			sourceTree = "<group>";
		};
		F093F8D629787374004EDCB9 /* Preview Content */ = {
			isa = PBXGroup;
			children = (
				F093F8D729787374004EDCB9 /* Preview Assets.xcassets */,
			);
			path = "Preview Content";
			sourceTree = "<group>";
		};
		F093F8E529787374004EDCB9 /* EasyBudgetTests */ = {
			isa = PBXGroup;
			children = (
				F093F8E629787374004EDCB9 /* EasyBudgetTests.swift */,
			);
			path = EasyBudgetTests;
			sourceTree = "<group>";
		};
		F093F8EF29787374004EDCB9 /* EasyBudgetUITests */ = {
			isa = PBXGroup;
			children = (
				F093F8F029787374004EDCB9 /* EasyBudgetUITests.swift */,
				F093F8F229787374004EDCB9 /* EasyBudgetUITestsLaunchTests.swift */,
			);
			path = EasyBudgetUITests;
			sourceTree = "<group>";
		};
/* End PBXGroup section */

/* Begin PBXNativeTarget section */
		F093F8CC29787373004EDCB9 /* EasyBudget */ = {
			isa = PBXNativeTarget;
			buildConfigurationList = F093F8F629787374004EDCB9 /* Build configuration list for PBXNativeTarget "EasyBudget" */;
			buildPhases = (
				F093F8C929787373004EDCB9 /* Sources */,
				F093F8CA29787373004EDCB9 /* Frameworks */,
				F093F8CB29787373004EDCB9 /* Resources */,
			);
			buildRules = (
			);
			dependencies = (
			);
			name = EasyBudget;
			productName = EasyBudget;
			productReference = F093F8CD29787373004EDCB9 /* EasyBudget.app */;
			productType = "com.apple.product-type.application";
		};
		F093F8E129787374004EDCB9 /* EasyBudgetTests */ = {
			isa = PBXNativeTarget;
			buildConfigurationList = F093F8F929787374004EDCB9 /* Build configuration list for PBXNativeTarget "EasyBudgetTests" */;
			buildPhases = (
				F093F8DE29787374004EDCB9 /* Sources */,
				F093F8DF29787374004EDCB9 /* Frameworks */,
				F093F8E029787374004EDCB9 /* Resources */,
			);
			buildRules = (
			);
			dependencies = (
				F093F8E429787374004EDCB9 /* PBXTargetDependency */,
			);
			name = EasyBudgetTests;
			productName = EasyBudgetTests;
			productReference = F093F8E229787374004EDCB9 /* EasyBudgetTests.xctest */;
			productType = "com.apple.product-type.bundle.unit-test";
		};
		F093F8EB29787374004EDCB9 /* EasyBudgetUITests */ = {
			isa = PBXNativeTarget;
			buildConfigurationList = F093F8FC29787374004EDCB9 /* Build configuration list for PBXNativeTarget "EasyBudgetUITests" */;
			buildPhases = (
				F093F8E829787374004EDCB9 /* Sources */,
				F093F8E929787374004EDCB9 /* Frameworks */,
				F093F8EA29787374004EDCB9 /* Resources */,
			);
			buildRules = (
			);
			dependencies = (
				F093F8EE29787374004EDCB9 /* PBXTargetDependency */,
			);
			name = EasyBudgetUITests;
			productName = EasyBudgetUITests;
			productReference = F093F8EC29787374004EDCB9 /* EasyBudgetUITests.xctest */;
			productType = "com.apple.product-type.bundle.ui-testing";
		};
/* End PBXNativeTarget section */

/* Begin PBXProject section */
		F093F8C529787373004EDCB9 /* Project object */ = {
			isa = PBXProject;
			attributes = {
				BuildIndependentTargetsInParallel = 1;
				LastSwiftUpdateCheck = 1340;
				LastUpgradeCheck = 1340;
				TargetAttributes = {
					F093F8CC29787373004EDCB9 = {
						CreatedOnToolsVersion = 13.4.1;
					};
					F093F8E129787374004EDCB9 = {
						CreatedOnToolsVersion = 13.4.1;
						TestTargetID = F093F8CC29787373004EDCB9;
					};
					F093F8EB29787374004EDCB9 = {
						CreatedOnToolsVersion = 13.4.1;
						TestTargetID = F093F8CC29787373004EDCB9;
					};
				};
			};
			buildConfigurationList = F093F8C829787373004EDCB9 /* Build configuration list for PBXProject "EasyBudget" */;
			compatibilityVersion = "Xcode 13.0";
			developmentRegion = en;
			hasScannedForEncodings = 0;
			knownRegions = (
				en,
				Base,
			);
			mainGroup = F093F8C429787373004EDCB9;
			productRefGroup = F093F8CE29787373004EDCB9 /* Products */;
			projectDirPath = "";
			projectRoot = "";
			targets = (
				F093F8CC29787373004EDCB9 /* EasyBudget */,
				F093F8E129787374004EDCB9 /* EasyBudgetTests */,
				F093F8EB29787374004EDCB9 /* EasyBudgetUITests */,
			);
		};
/* End PBXProject section */

/* Begin PBXResourcesBuildPhase section */
		F093F8CB29787373004EDCB9 /* Resources */ = {
			isa = PBXResourcesBuildPhase;
			buildActionMask = 2147483647;
			files = (
				F093F8D829787374004EDCB9 /* Preview Assets.xcassets in Resources */,
				F093F8D529787374004EDCB9 /* Assets.xcassets in Resources */,
			);
			runOnlyForDeploymentPostprocessing = 0;
		};
		F093F8E029787374004EDCB9 /* Resources */ = {
			isa = PBXResourcesBuildPhase;
			buildActionMask = 2147483647;
			files = (
			);
			runOnlyForDeploymentPostprocessing = 0;
		};
		F093F8EA29787374004EDCB9 /* Resources */ = {
			isa = PBXResourcesBuildPhase;
			buildActionMask = 2147483647;
			files = (
			);
			runOnlyForDeploymentPostprocessing = 0;
		};
/* End PBXResourcesBuildPhase section */

/* Begin PBXSourcesBuildPhase section */
		F093F8C929787373004EDCB9 /* Sources */ = {
			isa = PBXSourcesBuildPhase;
			buildActionMask = 2147483647;
			files = (
				F00283B22979A7C70052B8F9 /* EasyBudgetApp.swift in Sources */,
				F00283BC2979AA210052B8F9 /* CurrentPeriodView.swift in Sources */,
				F00283B82979A7C70052B8F9 /* Persistence.swift in Sources */,
				F093F8DD29787374004EDCB9 /* EasyBudget.xcdatamodeld in Sources */,
				F00283B52979A7C70052B8F9 /* ContentView.swift in Sources */,
			);
			runOnlyForDeploymentPostprocessing = 0;
		};
		F093F8DE29787374004EDCB9 /* Sources */ = {
			isa = PBXSourcesBuildPhase;
			buildActionMask = 2147483647;
			files = (
				F00283B32979A7C70052B8F9 /* EasyBudgetApp.swift in Sources */,
				F00283BD2979AA210052B8F9 /* CurrentPeriodView.swift in Sources */,
				F00283B92979A7C70052B8F9 /* Persistence.swift in Sources */,
				F093F8E729787374004EDCB9 /* EasyBudgetTests.swift in Sources */,
				F00283B62979A7C70052B8F9 /* ContentView.swift in Sources */,
			);
			runOnlyForDeploymentPostprocessing = 0;
		};
		F093F8E829787374004EDCB9 /* Sources */ = {
			isa = PBXSourcesBuildPhase;
			buildActionMask = 2147483647;
			files = (
				F093F8F129787374004EDCB9 /* EasyBudgetUITests.swift in Sources */,
				F093F8F329787374004EDCB9 /* EasyBudgetUITestsLaunchTests.swift in Sources */,
				F00283B72979A7C70052B8F9 /* ContentView.swift in Sources */,
				F00283B42979A7C70052B8F9 /* EasyBudgetApp.swift in Sources */,
				F00283BA2979A7C70052B8F9 /* Persistence.swift in Sources */,
				F00283BE2979AA210052B8F9 /* CurrentPeriodView.swift in Sources */,
			);
			runOnlyForDeploymentPostprocessing = 0;
		};
/* End PBXSourcesBuildPhase section */

/* Begin PBXTargetDependency section */
		F093F8E429787374004EDCB9 /* PBXTargetDependency */ = {
			isa = PBXTargetDependency;
			target = F093F8CC29787373004EDCB9 /* EasyBudget */;
			targetProxy = F093F8E329787374004EDCB9 /* PBXContainerItemProxy */;
		};
		F093F8EE29787374004EDCB9 /* PBXTargetDependency */ = {
			isa = PBXTargetDependency;
			target = F093F8CC29787373004EDCB9 /* EasyBudget */;
			targetProxy = F093F8ED29787374004EDCB9 /* PBXContainerItemProxy */;
		};
/* End PBXTargetDependency section */

/* Begin XCBuildConfiguration section */
		F093F8F429787374004EDCB9 /* Debug */ = {
			isa = XCBuildConfiguration;
			buildSettings = {
				ALWAYS_SEARCH_USER_PATHS = NO;
				CLANG_ANALYZER_NONNULL = YES;
				CLANG_ANALYZER_NUMBER_OBJECT_CONVERSION = YES_AGGRESSIVE;
				CLANG_CXX_LANGUAGE_STANDARD = "gnu++17";
				CLANG_ENABLE_MODULES = YES;
				CLANG_ENABLE_OBJC_ARC = YES;
				CLANG_ENABLE_OBJC_WEAK = YES;
				CLANG_WARN_BLOCK_CAPTURE_AUTORELEASING = YES;
				CLANG_WARN_BOOL_CONVERSION = YES;
				CLANG_WARN_COMMA = YES;
				CLANG_WARN_CONSTANT_CONVERSION = YES;
				CLANG_WARN_DEPRECATED_OBJC_IMPLEMENTATIONS = YES;
				CLANG_WARN_DIRECT_OBJC_ISA_USAGE = YES_ERROR;
				CLANG_WARN_DOCUMENTATION_COMMENTS = YES;
				CLANG_WARN_EMPTY_BODY = YES;
				CLANG_WARN_ENUM_CONVERSION = YES;
				CLANG_WARN_INFINITE_RECURSION = YES;
				CLANG_WARN_INT_CONVERSION = YES;
				CLANG_WARN_NON_LITERAL_NULL_CONVERSION = YES;
				CLANG_WARN_OBJC_IMPLICIT_RETAIN_SELF = YES;
				CLANG_WARN_OBJC_LITERAL_CONVERSION = YES;
				CLANG_WARN_OBJC_ROOT_CLASS = YES_ERROR;
				CLANG_WARN_QUOTED_INCLUDE_IN_FRAMEWORK_HEADER = YES;
				CLANG_WARN_RANGE_LOOP_ANALYSIS = YES;
				CLANG_WARN_STRICT_PROTOTYPES = YES;
				CLANG_WARN_SUSPICIOUS_MOVE = YES;
				CLANG_WARN_UNGUARDED_AVAILABILITY = YES_AGGRESSIVE;
				CLANG_WARN_UNREACHABLE_CODE = YES;
				CLANG_WARN__DUPLICATE_METHOD_MATCH = YES;
				COPY_PHASE_STRIP = NO;
				DEBUG_INFORMATION_FORMAT = dwarf;
				ENABLE_STRICT_OBJC_MSGSEND = YES;
				ENABLE_TESTABILITY = YES;
				GCC_C_LANGUAGE_STANDARD = gnu11;
				GCC_DYNAMIC_NO_PIC = NO;
				GCC_NO_COMMON_BLOCKS = YES;
				GCC_OPTIMIZATION_LEVEL = 0;
				GCC_PREPROCESSOR_DEFINITIONS = (
					"DEBUG=1",
					"$(inherited)",
				);
				GCC_WARN_64_TO_32_BIT_CONVERSION = YES;
				GCC_WARN_ABOUT_RETURN_TYPE = YES_ERROR;
				GCC_WARN_UNDECLARED_SELECTOR = YES;
				GCC_WARN_UNINITIALIZED_AUTOS = YES_AGGRESSIVE;
				GCC_WARN_UNUSED_FUNCTION = YES;
				GCC_WARN_UNUSED_VARIABLE = YES;
				IPHONEOS_DEPLOYMENT_TARGET = 15.5;
				MTL_ENABLE_DEBUG_INFO = INCLUDE_SOURCE;
				MTL_FAST_MATH = YES;
				ONLY_ACTIVE_ARCH = YES;
				SDKROOT = iphoneos;
				SWIFT_ACTIVE_COMPILATION_CONDITIONS = DEBUG;
				SWIFT_OPTIMIZATION_LEVEL = "-Onone";
			};
			name = Debug;
		};
		F093F8F529787374004EDCB9 /* Release */ = {
			isa = XCBuildConfiguration;
			buildSettings = {
				ALWAYS_SEARCH_USER_PATHS = NO;
				CLANG_ANALYZER_NONNULL = YES;
				CLANG_ANALYZER_NUMBER_OBJECT_CONVERSION = YES_AGGRESSIVE;
				CLANG_CXX_LANGUAGE_STANDARD = "gnu++17";
				CLANG_ENABLE_MODULES = YES;
				CLANG_ENABLE_OBJC_ARC = YES;
				CLANG_ENABLE_OBJC_WEAK = YES;
				CLANG_WARN_BLOCK_CAPTURE_AUTORELEASING = YES;
				CLANG_WARN_BOOL_CONVERSION = YES;
				CLANG_WARN_COMMA = YES;
				CLANG_WARN_CONSTANT_CONVERSION = YES;
				CLANG_WARN_DEPRECATED_OBJC_IMPLEMENTATIONS = YES;
				CLANG_WARN_DIRECT_OBJC_ISA_USAGE = YES_ERROR;
				CLANG_WARN_DOCUMENTATION_COMMENTS = YES;
				CLANG_WARN_EMPTY_BODY = YES;
				CLANG_WARN_ENUM_CONVERSION = YES;
				CLANG_WARN_INFINITE_RECURSION = YES;
				CLANG_WARN_INT_CONVERSION = YES;
				CLANG_WARN_NON_LITERAL_NULL_CONVERSION = YES;
				CLANG_WARN_OBJC_IMPLICIT_RETAIN_SELF = YES;
				CLANG_WARN_OBJC_LITERAL_CONVERSION = YES;
				CLANG_WARN_OBJC_ROOT_CLASS = YES_ERROR;
				CLANG_WARN_QUOTED_INCLUDE_IN_FRAMEWORK_HEADER = YES;
				CLANG_WARN_RANGE_LOOP_ANALYSIS = YES;
				CLANG_WARN_STRICT_PROTOTYPES = YES;
				CLANG_WARN_SUSPICIOUS_MOVE = YES;
				CLANG_WARN_UNGUARDED_AVAILABILITY = YES_AGGRESSIVE;
				CLANG_WARN_UNREACHABLE_CODE = YES;
				CLANG_WARN__DUPLICATE_METHOD_MATCH = YES;
				COPY_PHASE_STRIP = NO;
				DEBUG_INFORMATION_FORMAT = "dwarf-with-dsym";
				ENABLE_NS_ASSERTIONS = NO;
				ENABLE_STRICT_OBJC_MSGSEND = YES;
				GCC_C_LANGUAGE_STANDARD = gnu11;
				GCC_NO_COMMON_BLOCKS = YES;
				GCC_WARN_64_TO_32_BIT_CONVERSION = YES;
				GCC_WARN_ABOUT_RETURN_TYPE = YES_ERROR;
				GCC_WARN_UNDECLARED_SELECTOR = YES;
				GCC_WARN_UNINITIALIZED_AUTOS = YES_AGGRESSIVE;
				GCC_WARN_UNUSED_FUNCTION = YES;
				GCC_WARN_UNUSED_VARIABLE = YES;
				IPHONEOS_DEPLOYMENT_TARGET = 15.5;
				MTL_ENABLE_DEBUG_INFO = NO;
				MTL_FAST_MATH = YES;
				SDKROOT = iphoneos;
				SWIFT_COMPILATION_MODE = wholemodule;
				SWIFT_OPTIMIZATION_LEVEL = "-O";
				VALIDATE_PRODUCT = YES;
			};
			name = Release;
		};
		F093F8F729787374004EDCB9 /* Debug */ = {
			isa = XCBuildConfiguration;
			buildSettings = {
				ASSETCATALOG_COMPILER_APPICON_NAME = AppIcon;
				ASSETCATALOG_COMPILER_GLOBAL_ACCENT_COLOR_NAME = AccentColor;
				CODE_SIGN_STYLE = Automatic;
				CURRENT_PROJECT_VERSION = 1;
				DEVELOPMENT_ASSET_PATHS = "\"EasyBudget/Preview Content\"";
				DEVELOPMENT_TEAM = P8H56ML6U4;
				ENABLE_PREVIEWS = YES;
				GENERATE_INFOPLIST_FILE = YES;
				INFOPLIST_KEY_UIApplicationSceneManifest_Generation = YES;
				INFOPLIST_KEY_UIApplicationSupportsIndirectInputEvents = YES;
				INFOPLIST_KEY_UILaunchScreen_Generation = YES;
				INFOPLIST_KEY_UISupportedInterfaceOrientations_iPad = "UIInterfaceOrientationPortrait UIInterfaceOrientationPortraitUpsideDown UIInterfaceOrientationLandscapeLeft UIInterfaceOrientationLandscapeRight";
				INFOPLIST_KEY_UISupportedInterfaceOrientations_iPhone = "UIInterfaceOrientationPortrait UIInterfaceOrientationLandscapeLeft UIInterfaceOrientationLandscapeRight";
				LD_RUNPATH_SEARCH_PATHS = (
					"$(inherited)",
					"@executable_path/Frameworks",
				);
				MARKETING_VERSION = 1.0;
				PRODUCT_BUNDLE_IDENTIFIER = ibondar.EasyBudget;
				PRODUCT_NAME = "$(TARGET_NAME)";
				SWIFT_EMIT_LOC_STRINGS = YES;
				SWIFT_VERSION = 5.0;
				TARGETED_DEVICE_FAMILY = "1,2";
			};
			name = Debug;
		};
		F093F8F829787374004EDCB9 /* Release */ = {
			isa = XCBuildConfiguration;
			buildSettings = {
				ASSETCATALOG_COMPILER_APPICON_NAME = AppIcon;
				ASSETCATALOG_COMPILER_GLOBAL_ACCENT_COLOR_NAME = AccentColor;
				CODE_SIGN_STYLE = Automatic;
				CURRENT_PROJECT_VERSION = 1;
				DEVELOPMENT_ASSET_PATHS = "\"EasyBudget/Preview Content\"";
				DEVELOPMENT_TEAM = P8H56ML6U4;
				ENABLE_PREVIEWS = YES;
				GENERATE_INFOPLIST_FILE = YES;
				INFOPLIST_KEY_UIApplicationSceneManifest_Generation = YES;
				INFOPLIST_KEY_UIApplicationSupportsIndirectInputEvents = YES;
				INFOPLIST_KEY_UILaunchScreen_Generation = YES;
				INFOPLIST_KEY_UISupportedInterfaceOrientations_iPad = "UIInterfaceOrientationPortrait UIInterfaceOrientationPortraitUpsideDown UIInterfaceOrientationLandscapeLeft UIInterfaceOrientationLandscapeRight";
				INFOPLIST_KEY_UISupportedInterfaceOrientations_iPhone = "UIInterfaceOrientationPortrait UIInterfaceOrientationLandscapeLeft UIInterfaceOrientationLandscapeRight";
				LD_RUNPATH_SEARCH_PATHS = (
					"$(inherited)",
					"@executable_path/Frameworks",
				);
				MARKETING_VERSION = 1.0;
				PRODUCT_BUNDLE_IDENTIFIER = ibondar.EasyBudget;
				PRODUCT_NAME = "$(TARGET_NAME)";
				SWIFT_EMIT_LOC_STRINGS = YES;
				SWIFT_VERSION = 5.0;
				TARGETED_DEVICE_FAMILY = "1,2";
			};
			name = Release;
		};
		F093F8FA29787374004EDCB9 /* Debug */ = {
			isa = XCBuildConfiguration;
			buildSettings = {
				ALWAYS_EMBED_SWIFT_STANDARD_LIBRARIES = YES;
				BUNDLE_LOADER = "$(TEST_HOST)";
				CODE_SIGN_STYLE = Automatic;
				CURRENT_PROJECT_VERSION = 1;
				DEVELOPMENT_TEAM = P8H56ML6U4;
				GENERATE_INFOPLIST_FILE = YES;
				IPHONEOS_DEPLOYMENT_TARGET = 15.5;
				MARKETING_VERSION = 1.0;
				PRODUCT_BUNDLE_IDENTIFIER = ibondar.EasyBudgetTests;
				PRODUCT_NAME = "$(TARGET_NAME)";
				SWIFT_EMIT_LOC_STRINGS = NO;
				SWIFT_VERSION = 5.0;
				TARGETED_DEVICE_FAMILY = "1,2";
				TEST_HOST = "$(BUILT_PRODUCTS_DIR)/EasyBudget.app/EasyBudget";
			};
			name = Debug;
		};
		F093F8FB29787374004EDCB9 /* Release */ = {
			isa = XCBuildConfiguration;
			buildSettings = {
				ALWAYS_EMBED_SWIFT_STANDARD_LIBRARIES = YES;
				BUNDLE_LOADER = "$(TEST_HOST)";
				CODE_SIGN_STYLE = Automatic;
				CURRENT_PROJECT_VERSION = 1;
				DEVELOPMENT_TEAM = P8H56ML6U4;
				GENERATE_INFOPLIST_FILE = YES;
				IPHONEOS_DEPLOYMENT_TARGET = 15.5;
				MARKETING_VERSION = 1.0;
				PRODUCT_BUNDLE_IDENTIFIER = ibondar.EasyBudgetTests;
				PRODUCT_NAME = "$(TARGET_NAME)";
				SWIFT_EMIT_LOC_STRINGS = NO;
				SWIFT_VERSION = 5.0;
				TARGETED_DEVICE_FAMILY = "1,2";
				TEST_HOST = "$(BUILT_PRODUCTS_DIR)/EasyBudget.app/EasyBudget";
			};
			name = Release;
		};
		F093F8FD29787374004EDCB9 /* Debug */ = {
			isa = XCBuildConfiguration;
			buildSettings = {
				ALWAYS_EMBED_SWIFT_STANDARD_LIBRARIES = YES;
				CODE_SIGN_STYLE = Automatic;
				CURRENT_PROJECT_VERSION = 1;
				DEVELOPMENT_TEAM = P8H56ML6U4;
				GENERATE_INFOPLIST_FILE = YES;
				MARKETING_VERSION = 1.0;
				PRODUCT_BUNDLE_IDENTIFIER = ibondar.EasyBudgetUITests;
				PRODUCT_NAME = "$(TARGET_NAME)";
				SWIFT_EMIT_LOC_STRINGS = NO;
				SWIFT_VERSION = 5.0;
				TARGETED_DEVICE_FAMILY = "1,2";
				TEST_TARGET_NAME = EasyBudget;
			};
			name = Debug;
		};
		F093F8FE29787374004EDCB9 /* Release */ = {
			isa = XCBuildConfiguration;
			buildSettings = {
				ALWAYS_EMBED_SWIFT_STANDARD_LIBRARIES = YES;
				CODE_SIGN_STYLE = Automatic;
				CURRENT_PROJECT_VERSION = 1;
				DEVELOPMENT_TEAM = P8H56ML6U4;
				GENERATE_INFOPLIST_FILE = YES;
				MARKETING_VERSION = 1.0;
				PRODUCT_BUNDLE_IDENTIFIER = ibondar.EasyBudgetUITests;
				PRODUCT_NAME = "$(TARGET_NAME)";
				SWIFT_EMIT_LOC_STRINGS = NO;
				SWIFT_VERSION = 5.0;
				TARGETED_DEVICE_FAMILY = "1,2";
				TEST_TARGET_NAME = EasyBudget;
			};
			name = Release;
		};
/* End XCBuildConfiguration section */

/* Begin XCConfigurationList section */
		F093F8C829787373004EDCB9 /* Build configuration list for PBXProject "EasyBudget" */ = {
			isa = XCConfigurationList;
			buildConfigurations = (
				F093F8F429787374004EDCB9 /* Debug */,
				F093F8F529787374004EDCB9 /* Release */,
			);
			defaultConfigurationIsVisible = 0;
			defaultConfigurationName = Release;
		};
		F093F8F629787374004EDCB9 /* Build configuration list for PBXNativeTarget "EasyBudget" */ = {
			isa = XCConfigurationList;
			buildConfigurations = (
				F093F8F729787374004EDCB9 /* Debug */,
				F093F8F829787374004EDCB9 /* Release */,
			);
			defaultConfigurationIsVisible = 0;
			defaultConfigurationName = Release;
		};
		F093F8F929787374004EDCB9 /* Build configuration list for PBXNativeTarget "EasyBudgetTests" */ = {
			isa = XCConfigurationList;
			buildConfigurations = (
				F093F8FA29787374004EDCB9 /* Debug */,
				F093F8FB29787374004EDCB9 /* Release */,
			);
			defaultConfigurationIsVisible = 0;
			defaultConfigurationName = Release;
		};
		F093F8FC29787374004EDCB9 /* Build configuration list for PBXNativeTarget "EasyBudgetUITests" */ = {
			isa = XCConfigurationList;
			buildConfigurations = (
				F093F8FD29787374004EDCB9 /* Debug */,
				F093F8FE29787374004EDCB9 /* Release */,
			);
			defaultConfigurationIsVisible = 0;
			defaultConfigurationName = Release;
		};
/* End XCConfigurationList section */

/* Begin XCVersionGroup section */
		F093F8DB29787374004EDCB9 /* EasyBudget.xcdatamodeld */ = {
			isa = XCVersionGroup;
			children = (
				F093F8DC29787374004EDCB9 /* EasyBudget.xcdatamodel */,
			);
			currentVersion = F093F8DC29787374004EDCB9 /* EasyBudget.xcdatamodel */;
			path = EasyBudget.xcdatamodeld;
			sourceTree = "<group>";
			versionGroupType = wrapper.xcdatamodel;
		};
/* End XCVersionGroup section */
	};
	rootObject = F093F8C529787373004EDCB9 /* Project object */;
}
